// !$*UTF8*$!
{
	archiveVersion = 1;
	classes = {
	};
	objectVersion = 50;
	objects = {

/* Begin PBXBuildFile section */
		8C7C475E24FE950500FA03CF /* AppDelegate.swift in Sources */ = {isa = PBXBuildFile; fileRef = 8C7C475D24FE950500FA03CF /* AppDelegate.swift */; };
		8C7C476024FE950500FA03CF /* SceneDelegate.swift in Sources */ = {isa = PBXBuildFile; fileRef = 8C7C475F24FE950500FA03CF /* SceneDelegate.swift */; };
		8C7C476224FE950500FA03CF /* ContentView.swift in Sources */ = {isa = PBXBuildFile; fileRef = 8C7C476124FE950500FA03CF /* ContentView.swift */; };
		8C7C476424FE950600FA03CF /* Assets.xcassets in Resources */ = {isa = PBXBuildFile; fileRef = 8C7C476324FE950600FA03CF /* Assets.xcassets */; };
		8C7C476724FE950600FA03CF /* Preview Assets.xcassets in Resources */ = {isa = PBXBuildFile; fileRef = 8C7C476624FE950600FA03CF /* Preview Assets.xcassets */; };
		8C7C476A24FE950600FA03CF /* LaunchScreen.storyboard in Resources */ = {isa = PBXBuildFile; fileRef = 8C7C476824FE950600FA03CF /* LaunchScreen.storyboard */; };
		8C7C477224FEC1A700FA03CF /* Data.swift in Sources */ = {isa = PBXBuildFile; fileRef = 8C7C477124FEC1A700FA03CF /* Data.swift */; };
		8C7C477424FEC24900FA03CF /* SettingsView.swift in Sources */ = {isa = PBXBuildFile; fileRef = 8C7C477324FEC24900FA03CF /* SettingsView.swift */; };
		8C7C477624FEC2AA00FA03CF /* signInFirst.html in Resources */ = {isa = PBXBuildFile; fileRef = 8C7C477524FEC2AA00FA03CF /* signInFirst.html */; };
		8C7C477824FEC2DC00FA03CF /* UserData.swift in Sources */ = {isa = PBXBuildFile; fileRef = 8C7C477724FEC2DC00FA03CF /* UserData.swift */; };
		8CE70742250163B200A108C6 /* WebViewObserver.swift in Sources */ = {isa = PBXBuildFile; fileRef = 8CE70741250163B200A108C6 /* WebViewObserver.swift */; };
		8CE7074425016FD100A108C6 /* Network.swift in Sources */ = {isa = PBXBuildFile; fileRef = 8CE7074325016FD100A108C6 /* Network.swift */; };
/* End PBXBuildFile section */

/* Begin PBXFileReference section */
		8C7C475A24FE950500FA03CF /* Zuhause.app */ = {isa = PBXFileReference; explicitFileType = wrapper.application; includeInIndex = 0; path = Zuhause.app; sourceTree = BUILT_PRODUCTS_DIR; };
		8C7C475D24FE950500FA03CF /* AppDelegate.swift */ = {isa = PBXFileReference; lastKnownFileType = sourcecode.swift; path = AppDelegate.swift; sourceTree = "<group>"; };
		8C7C475F24FE950500FA03CF /* SceneDelegate.swift */ = {isa = PBXFileReference; lastKnownFileType = sourcecode.swift; path = SceneDelegate.swift; sourceTree = "<group>"; };
		8C7C476124FE950500FA03CF /* ContentView.swift */ = {isa = PBXFileReference; lastKnownFileType = sourcecode.swift; path = ContentView.swift; sourceTree = "<group>"; };
		8C7C476324FE950600FA03CF /* Assets.xcassets */ = {isa = PBXFileReference; lastKnownFileType = folder.assetcatalog; path = Assets.xcassets; sourceTree = "<group>"; };
		8C7C476624FE950600FA03CF /* Preview Assets.xcassets */ = {isa = PBXFileReference; lastKnownFileType = folder.assetcatalog; path = "Preview Assets.xcassets"; sourceTree = "<group>"; };
		8C7C476924FE950600FA03CF /* Base */ = {isa = PBXFileReference; lastKnownFileType = file.storyboard; name = Base; path = Base.lproj/LaunchScreen.storyboard; sourceTree = "<group>"; };
		8C7C476B24FE950600FA03CF /* Info.plist */ = {isa = PBXFileReference; lastKnownFileType = text.plist.xml; path = Info.plist; sourceTree = "<group>"; };
		8C7C477124FEC1A700FA03CF /* Data.swift */ = {isa = PBXFileReference; lastKnownFileType = sourcecode.swift; path = Data.swift; sourceTree = "<group>"; };
		8C7C477324FEC24900FA03CF /* SettingsView.swift */ = {isa = PBXFileReference; lastKnownFileType = sourcecode.swift; path = SettingsView.swift; sourceTree = "<group>"; };
		8C7C477524FEC2AA00FA03CF /* signInFirst.html */ = {isa = PBXFileReference; fileEncoding = 4; lastKnownFileType = text.html; path = signInFirst.html; sourceTree = "<group>"; };
		8C7C477724FEC2DC00FA03CF /* UserData.swift */ = {isa = PBXFileReference; lastKnownFileType = sourcecode.swift; path = UserData.swift; sourceTree = "<group>"; };
		8CE70741250163B200A108C6 /* WebViewObserver.swift */ = {isa = PBXFileReference; lastKnownFileType = sourcecode.swift; path = WebViewObserver.swift; sourceTree = "<group>"; };
		8CE7074325016FD100A108C6 /* Network.swift */ = {isa = PBXFileReference; lastKnownFileType = sourcecode.swift; path = Network.swift; sourceTree = "<group>"; };
/* End PBXFileReference section */

/* Begin PBXFrameworksBuildPhase section */
		8C7C475724FE950500FA03CF /* Frameworks */ = {
			isa = PBXFrameworksBuildPhase;
			buildActionMask = 2147483647;
			files = (
			);
			runOnlyForDeploymentPostprocessing = 0;
		};
/* End PBXFrameworksBuildPhase section */

/* Begin PBXGroup section */
		8C7C475124FE950400FA03CF = {
			isa = PBXGroup;
			children = (
				8C7C475C24FE950500FA03CF /* iOSHomeApp */,
				8C7C475B24FE950500FA03CF /* Products */,
			);
			sourceTree = "<group>";
		};
		8C7C475B24FE950500FA03CF /* Products */ = {
			isa = PBXGroup;
			children = (
				8C7C475A24FE950500FA03CF /* Zuhause.app */,
			);
			name = Products;
			sourceTree = "<group>";
		};
		8C7C475C24FE950500FA03CF /* iOSHomeApp */ = {
			isa = PBXGroup;
			children = (
				8C7C477524FEC2AA00FA03CF /* signInFirst.html */,
				8C7C475D24FE950500FA03CF /* AppDelegate.swift */,
				8C7C475F24FE950500FA03CF /* SceneDelegate.swift */,
				8C7C476124FE950500FA03CF /* ContentView.swift */,
				8C7C476324FE950600FA03CF /* Assets.xcassets */,
				8C7C476824FE950600FA03CF /* LaunchScreen.storyboard */,
				8C7C476B24FE950600FA03CF /* Info.plist */,
				8C7C476524FE950600FA03CF /* Preview Content */,
				8C7C477124FEC1A700FA03CF /* Data.swift */,
				8C7C477324FEC24900FA03CF /* SettingsView.swift */,
				8C7C477724FEC2DC00FA03CF /* UserData.swift */,
				8CE70741250163B200A108C6 /* WebViewObserver.swift */,
				8CE7074325016FD100A108C6 /* Network.swift */,
			);
			path = iOSHomeApp;
			sourceTree = "<group>";
		};
		8C7C476524FE950600FA03CF /* Preview Content */ = {
			isa = PBXGroup;
			children = (
				8C7C476624FE950600FA03CF /* Preview Assets.xcassets */,
			);
			path = "Preview Content";
			sourceTree = "<group>";
		};
/* End PBXGroup section */

/* Begin PBXNativeTarget section */
		8C7C475924FE950500FA03CF /* iOSHomeApp */ = {
			isa = PBXNativeTarget;
			buildConfigurationList = 8C7C476E24FE950600FA03CF /* Build configuration list for PBXNativeTarget "iOSHomeApp" */;
			buildPhases = (
				8C7C475624FE950500FA03CF /* Sources */,
				8C7C475724FE950500FA03CF /* Frameworks */,
				8C7C475824FE950500FA03CF /* Resources */,
			);
			buildRules = (
			);
			dependencies = (
			);
			name = iOSHomeApp;
			productName = iOSHomeApp;
			productReference = 8C7C475A24FE950500FA03CF /* Zuhause.app */;
			productType = "com.apple.product-type.application";
		};
/* End PBXNativeTarget section */

/* Begin PBXProject section */
		8C7C475224FE950400FA03CF /* Project object */ = {
			isa = PBXProject;
			attributes = {
				LastSwiftUpdateCheck = 1160;
				LastUpgradeCheck = 1160;
				ORGANIZATIONNAME = "Matthias Fischer";
				TargetAttributes = {
					8C7C475924FE950500FA03CF = {
						CreatedOnToolsVersion = 11.6;
					};
				};
			};
			buildConfigurationList = 8C7C475524FE950400FA03CF /* Build configuration list for PBXProject "iOSHomeApp" */;
			compatibilityVersion = "Xcode 9.3";
			developmentRegion = en;
			hasScannedForEncodings = 0;
			knownRegions = (
				en,
				Base,
			);
			mainGroup = 8C7C475124FE950400FA03CF;
			productRefGroup = 8C7C475B24FE950500FA03CF /* Products */;
			projectDirPath = "";
			projectRoot = "";
			targets = (
				8C7C475924FE950500FA03CF /* iOSHomeApp */,
			);
		};
/* End PBXProject section */

/* Begin PBXResourcesBuildPhase section */
		8C7C475824FE950500FA03CF /* Resources */ = {
			isa = PBXResourcesBuildPhase;
			buildActionMask = 2147483647;
			files = (
				8C7C476A24FE950600FA03CF /* LaunchScreen.storyboard in Resources */,
				8C7C476724FE950600FA03CF /* Preview Assets.xcassets in Resources */,
				8C7C476424FE950600FA03CF /* Assets.xcassets in Resources */,
				8C7C477624FEC2AA00FA03CF /* signInFirst.html in Resources */,
			);
			runOnlyForDeploymentPostprocessing = 0;
		};
/* End PBXResourcesBuildPhase section */

/* Begin PBXSourcesBuildPhase section */
		8C7C475624FE950500FA03CF /* Sources */ = {
			isa = PBXSourcesBuildPhase;
			buildActionMask = 2147483647;
			files = (
				8C7C477824FEC2DC00FA03CF /* UserData.swift in Sources */,
				8CE70742250163B200A108C6 /* WebViewObserver.swift in Sources */,
				8CE7074425016FD100A108C6 /* Network.swift in Sources */,
				8C7C477424FEC24900FA03CF /* SettingsView.swift in Sources */,
				8C7C475E24FE950500FA03CF /* AppDelegate.swift in Sources */,
				8C7C476024FE950500FA03CF /* SceneDelegate.swift in Sources */,
				8C7C476224FE950500FA03CF /* ContentView.swift in Sources */,
				8C7C477224FEC1A700FA03CF /* Data.swift in Sources */,
			);
			runOnlyForDeploymentPostprocessing = 0;
		};
/* End PBXSourcesBuildPhase section */

/* Begin PBXVariantGroup section */
		8C7C476824FE950600FA03CF /* LaunchScreen.storyboard */ = {
			isa = PBXVariantGroup;
			children = (
				8C7C476924FE950600FA03CF /* Base */,
			);
			name = LaunchScreen.storyboard;
			sourceTree = "<group>";
		};
/* End PBXVariantGroup section */

/* Begin XCBuildConfiguration section */
		8C7C476C24FE950600FA03CF /* Debug */ = {
			isa = XCBuildConfiguration;
			buildSettings = {
				ALWAYS_SEARCH_USER_PATHS = NO;
				CLANG_ANALYZER_NONNULL = YES;
				CLANG_ANALYZER_NUMBER_OBJECT_CONVERSION = YES_AGGRESSIVE;
				CLANG_CXX_LANGUAGE_STANDARD = "gnu++14";
				CLANG_CXX_LIBRARY = "libc++";
				CLANG_ENABLE_MODULES = YES;
				CLANG_ENABLE_OBJC_ARC = YES;
				CLANG_ENABLE_OBJC_WEAK = YES;
				CLANG_WARN_BLOCK_CAPTURE_AUTORELEASING = YES;
				CLANG_WARN_BOOL_CONVERSION = YES;
				CLANG_WARN_COMMA = YES;
				CLANG_WARN_CONSTANT_CONVERSION = YES;
				CLANG_WARN_DEPRECATED_OBJC_IMPLEMENTATIONS = YES;
				CLANG_WARN_DIRECT_OBJC_ISA_USAGE = YES_ERROR;
				CLANG_WARN_DOCUMENTATION_COMMENTS = YES;
				CLANG_WARN_EMPTY_BODY = YES;
				CLANG_WARN_ENUM_CONVERSION = YES;
				CLANG_WARN_INFINITE_RECURSION = YES;
				CLANG_WARN_INT_CONVERSION = YES;
				CLANG_WARN_NON_LITERAL_NULL_CONVERSION = YES;
				CLANG_WARN_OBJC_IMPLICIT_RETAIN_SELF = YES;
				CLANG_WARN_OBJC_LITERAL_CONVERSION = YES;
				CLANG_WARN_OBJC_ROOT_CLASS = YES_ERROR;
				CLANG_WARN_RANGE_LOOP_ANALYSIS = YES;
				CLANG_WARN_STRICT_PROTOTYPES = YES;
				CLANG_WARN_SUSPICIOUS_MOVE = YES;
				CLANG_WARN_UNGUARDED_AVAILABILITY = YES_AGGRESSIVE;
				CLANG_WARN_UNREACHABLE_CODE = YES;
				CLANG_WARN__DUPLICATE_METHOD_MATCH = YES;
				COPY_PHASE_STRIP = NO;
				DEBUG_INFORMATION_FORMAT = dwarf;
				ENABLE_STRICT_OBJC_MSGSEND = YES;
				ENABLE_TESTABILITY = YES;
				GCC_C_LANGUAGE_STANDARD = gnu11;
				GCC_DYNAMIC_NO_PIC = NO;
				GCC_NO_COMMON_BLOCKS = YES;
				GCC_OPTIMIZATION_LEVEL = 0;
				GCC_PREPROCESSOR_DEFINITIONS = (
					"DEBUG=1",
					"$(inherited)",
				);
				GCC_WARN_64_TO_32_BIT_CONVERSION = YES;
				GCC_WARN_ABOUT_RETURN_TYPE = YES_ERROR;
				GCC_WARN_UNDECLARED_SELECTOR = YES;
				GCC_WARN_UNINITIALIZED_AUTOS = YES_AGGRESSIVE;
				GCC_WARN_UNUSED_FUNCTION = YES;
				GCC_WARN_UNUSED_VARIABLE = YES;
				IPHONEOS_DEPLOYMENT_TARGET = 13.6;
				MTL_ENABLE_DEBUG_INFO = INCLUDE_SOURCE;
				MTL_FAST_MATH = YES;
				ONLY_ACTIVE_ARCH = YES;
				SDKROOT = iphoneos;
				SWIFT_ACTIVE_COMPILATION_CONDITIONS = DEBUG;
				SWIFT_OPTIMIZATION_LEVEL = "-Onone";
			};
			name = Debug;
		};
		8C7C476D24FE950600FA03CF /* Release */ = {
			isa = XCBuildConfiguration;
			buildSettings = {
				ALWAYS_SEARCH_USER_PATHS = NO;
				CLANG_ANALYZER_NONNULL = YES;
				CLANG_ANALYZER_NUMBER_OBJECT_CONVERSION = YES_AGGRESSIVE;
				CLANG_CXX_LANGUAGE_STANDARD = "gnu++14";
				CLANG_CXX_LIBRARY = "libc++";
				CLANG_ENABLE_MODULES = YES;
				CLANG_ENABLE_OBJC_ARC = YES;
				CLANG_ENABLE_OBJC_WEAK = YES;
				CLANG_WARN_BLOCK_CAPTURE_AUTORELEASING = YES;
				CLANG_WARN_BOOL_CONVERSION = YES;
				CLANG_WARN_COMMA = YES;
				CLANG_WARN_CONSTANT_CONVERSION = YES;
				CLANG_WARN_DEPRECATED_OBJC_IMPLEMENTATIONS = YES;
				CLANG_WARN_DIRECT_OBJC_ISA_USAGE = YES_ERROR;
				CLANG_WARN_DOCUMENTATION_COMMENTS = YES;
				CLANG_WARN_EMPTY_BODY = YES;
				CLANG_WARN_ENUM_CONVERSION = YES;
				CLANG_WARN_INFINITE_RECURSION = YES;
				CLANG_WARN_INT_CONVERSION = YES;
				CLANG_WARN_NON_LITERAL_NULL_CONVERSION = YES;
				CLANG_WARN_OBJC_IMPLICIT_RETAIN_SELF = YES;
				CLANG_WARN_OBJC_LITERAL_CONVERSION = YES;
				CLANG_WARN_OBJC_ROOT_CLASS = YES_ERROR;
				CLANG_WARN_RANGE_LOOP_ANALYSIS = YES;
				CLANG_WARN_STRICT_PROTOTYPES = YES;
				CLANG_WARN_SUSPICIOUS_MOVE = YES;
				CLANG_WARN_UNGUARDED_AVAILABILITY = YES_AGGRESSIVE;
				CLANG_WARN_UNREACHABLE_CODE = YES;
				CLANG_WARN__DUPLICATE_METHOD_MATCH = YES;
				COPY_PHASE_STRIP = NO;
				DEBUG_INFORMATION_FORMAT = "dwarf-with-dsym";
				ENABLE_NS_ASSERTIONS = NO;
				ENABLE_STRICT_OBJC_MSGSEND = YES;
				GCC_C_LANGUAGE_STANDARD = gnu11;
				GCC_NO_COMMON_BLOCKS = YES;
				GCC_WARN_64_TO_32_BIT_CONVERSION = YES;
				GCC_WARN_ABOUT_RETURN_TYPE = YES_ERROR;
				GCC_WARN_UNDECLARED_SELECTOR = YES;
				GCC_WARN_UNINITIALIZED_AUTOS = YES_AGGRESSIVE;
				GCC_WARN_UNUSED_FUNCTION = YES;
				GCC_WARN_UNUSED_VARIABLE = YES;
				IPHONEOS_DEPLOYMENT_TARGET = 13.6;
				MTL_ENABLE_DEBUG_INFO = NO;
				MTL_FAST_MATH = YES;
				SDKROOT = iphoneos;
				SWIFT_COMPILATION_MODE = wholemodule;
				SWIFT_OPTIMIZATION_LEVEL = "-O";
				VALIDATE_PRODUCT = YES;
			};
			name = Release;
		};
		8C7C476F24FE950600FA03CF /* Debug */ = {
			isa = XCBuildConfiguration;
			buildSettings = {
				ASSETCATALOG_COMPILER_APPICON_NAME = AppIcon;
				CODE_SIGN_STYLE = Automatic;
				DEVELOPMENT_ASSET_PATHS = "\"iOSHomeApp/Preview Content\"";
				DEVELOPMENT_TEAM = L88X8YULLQ;
				ENABLE_PREVIEWS = YES;
				INFOPLIST_FILE = iOSHomeApp/Info.plist;
				LD_RUNPATH_SEARCH_PATHS = (
					"$(inherited)",
					"@executable_path/Frameworks",
				);
				PRODUCT_BUNDLE_IDENTIFIER = de.fimatas.iOSHomeApp;
				PRODUCT_NAME = Zuhause;
				SWIFT_VERSION = 5.0;
				TARGETED_DEVICE_FAMILY = 1;
			};
			name = Debug;
		};
		8C7C477024FE950600FA03CF /* Release */ = {
			isa = XCBuildConfiguration;
			buildSettings = {
				ASSETCATALOG_COMPILER_APPICON_NAME = AppIcon;
				CODE_SIGN_STYLE = Automatic;
				DEVELOPMENT_ASSET_PATHS = "\"iOSHomeApp/Preview Content\"";
				DEVELOPMENT_TEAM = L88X8YULLQ;
				ENABLE_PREVIEWS = YES;
				INFOPLIST_FILE = iOSHomeApp/Info.plist;
				LD_RUNPATH_SEARCH_PATHS = (
					"$(inherited)",
					"@executable_path/Frameworks",
				);
				PRODUCT_BUNDLE_IDENTIFIER = de.fimatas.iOSHomeApp;
				PRODUCT_NAME = Zuhause;
				SWIFT_VERSION = 5.0;
				TARGETED_DEVICE_FAMILY = 1;
			};
			name = Release;
		};
/* End XCBuildConfiguration section */

/* Begin XCConfigurationList section */
		8C7C475524FE950400FA03CF /* Build configuration list for PBXProject "iOSHomeApp" */ = {
			isa = XCConfigurationList;
			buildConfigurations = (
				8C7C476C24FE950600FA03CF /* Debug */,
				8C7C476D24FE950600FA03CF /* Release */,
			);
			defaultConfigurationIsVisible = 0;
			defaultConfigurationName = Release;
		};
		8C7C476E24FE950600FA03CF /* Build configuration list for PBXNativeTarget "iOSHomeApp" */ = {
			isa = XCConfigurationList;
			buildConfigurations = (
				8C7C476F24FE950600FA03CF /* Debug */,
				8C7C477024FE950600FA03CF /* Release */,
			);
			defaultConfigurationIsVisible = 0;
			defaultConfigurationName = Release;
		};
/* End XCConfigurationList section */
	};
	rootObject = 8C7C475224FE950400FA03CF /* Project object */;
}
